
Microsoft Visual Studio Solution File, Format Version 12.00
# Visual Studio 15
VisualStudioVersion = 15.0.26228.9
MinimumVisualStudioVersion = 10.0.40219.1
Project("{2150E333-8FDC-42A3-9474-1A3956D46DE8}") = "SyncClasses", "SyncClasses", "{367C5846-2B7D-4F14-95B8-B3A83393291F}"
EndProject
Project("{FAE04EC0-301F-11D3-BF4B-00C04F79EFBC}") = "MobileSync.Models", "MobileSync.Models\MobileSync.Models.csproj", "{053A61CE-FD5B-4876-82F9-618ACAC0A640}"
EndProject
Project("{FAE04EC0-301F-11D3-BF4B-00C04F79EFBC}") = "MobileSync.Server", "MobileSync.Server\MobileSync.Server.csproj", "{2578F6E5-24CE-4C28-B9AA-A05E97026F96}"
EndProject
Project("{FAE04EC0-301F-11D3-BF4B-00C04F79EFBC}") = "CustomerSync.Models", "CustomerSync.Models\CustomerSync.Models.csproj", "{F4A7DCB5-268E-4190-BB69-50E589644B2C}"
EndProject
Project("{2150E333-8FDC-42A3-9474-1A3956D46DE8}") = "Solution Items", "Solution Items", "{02515B39-3C89-4034-9343-2095DF541F38}"
	ProjectSection(SolutionItems) = preProject
		readme.txt = readme.txt
	EndProjectSection
EndProject
Project("{2150E333-8FDC-42A3-9474-1A3956D46DE8}") = "Xamarin Forms App", "Xamarin Forms App", "{D69F7610-AB2A-4032-9C3D-632B2CD79CDE}"
EndProject
Project("{FAE04EC0-301F-11D3-BF4B-00C04F79EFBC}") = "CustomerSync", "CustomerSync.XamForms\CustomerSync.csproj", "{59DB6F11-6707-47E7-B0B1-44515A73EB38}"
EndProject
Project("{FAE04EC0-301F-11D3-BF4B-00C04F79EFBC}") = "CustomerSync.Droid", "CustomerSync.Droid\CustomerSync.Droid.csproj", "{165AA848-5CC8-49BA-A485-19D7C922745B}"
	ProjectSection(ProjectDependencies) = postProject
		{F4A7DCB5-268E-4190-BB69-50E589644B2C} = {F4A7DCB5-268E-4190-BB69-50E589644B2C}
	EndProjectSection
EndProject
Project("{FAE04EC0-301F-11D3-BF4B-00C04F79EFBC}") = "CustomerSync.iOS", "CustomerSync.iOS\CustomerSync.iOS.csproj", "{17B432FF-1CAA-49B3-A02C-195F5228199D}"
	ProjectSection(ProjectDependencies) = postProject
		{F4A7DCB5-268E-4190-BB69-50E589644B2C} = {F4A7DCB5-268E-4190-BB69-50E589644B2C}
		{053A61CE-FD5B-4876-82F9-618ACAC0A640} = {053A61CE-FD5B-4876-82F9-618ACAC0A640}
	EndProjectSection
EndProject
Project("{2150E333-8FDC-42A3-9474-1A3956D46DE8}") = "Server", "Server", "{641B1045-5DEA-40D8-9736-017D5B0F451A}"
EndProject
Project("{FAE04EC0-301F-11D3-BF4B-00C04F79EFBC}") = "ServerSyncApi", "ServerSyncApi\ServerSyncApi.csproj", "{3CBD7370-486A-4E7A-B2C3-18FC2A685C95}"
EndProject
Project("{FAE04EC0-301F-11D3-BF4B-00C04F79EFBC}") = "CustomerSync.Server", "CustomerSync.Server\CustomerSync.Server.csproj", "{3B235BE7-573C-481D-B308-16DB25503BC5}"
EndProject
Project("{2150E333-8FDC-42A3-9474-1A3956D46DE8}") = "Test Projects", "Test Projects", "{57D1E4F2-34AB-4F7E-9A6A-A4ADA7CCB9F4}"
EndProject
Project("{FAE04EC0-301F-11D3-BF4B-00C04F79EFBC}") = "MobileSync.ServerUnitTests", "MobileSync.ServerUnitTests\MobileSync.ServerUnitTests.csproj", "{D1BA2A21-AD15-4180-9036-0D86B4581D6F}"
EndProject
Project("{FAE04EC0-301F-11D3-BF4B-00C04F79EFBC}") = "CustomerSync.UWPApp", "CustomerSync.UWPApp\CustomerSync.UWPApp.csproj", "{B8D9A06E-5E14-47E3-B19B-054536DE7658}"
EndProject
Global
	GlobalSection(SolutionConfigurationPlatforms) = preSolution
		Ad-Hoc|Any CPU = Ad-Hoc|Any CPU
		Ad-Hoc|ARM = Ad-Hoc|ARM
		Ad-Hoc|iPhone = Ad-Hoc|iPhone
		Ad-Hoc|iPhoneSimulator = Ad-Hoc|iPhoneSimulator
		Ad-Hoc|Mixed Platforms = Ad-Hoc|Mixed Platforms
		Ad-Hoc|x64 = Ad-Hoc|x64
		Ad-Hoc|x86 = Ad-Hoc|x86
		AppStore|Any CPU = AppStore|Any CPU
		AppStore|ARM = AppStore|ARM
		AppStore|iPhone = AppStore|iPhone
		AppStore|iPhoneSimulator = AppStore|iPhoneSimulator
		AppStore|Mixed Platforms = AppStore|Mixed Platforms
		AppStore|x64 = AppStore|x64
		AppStore|x86 = AppStore|x86
		Debug|Any CPU = Debug|Any CPU
		Debug|ARM = Debug|ARM
		Debug|iPhone = Debug|iPhone
		Debug|iPhoneSimulator = Debug|iPhoneSimulator
		Debug|Mixed Platforms = Debug|Mixed Platforms
		Debug|x64 = Debug|x64
		Debug|x86 = Debug|x86
		Release|Any CPU = Release|Any CPU
		Release|ARM = Release|ARM
		Release|iPhone = Release|iPhone
		Release|iPhoneSimulator = Release|iPhoneSimulator
		Release|Mixed Platforms = Release|Mixed Platforms
		Release|x64 = Release|x64
		Release|x86 = Release|x86
	EndGlobalSection
	GlobalSection(ProjectConfigurationPlatforms) = postSolution
		{053A61CE-FD5B-4876-82F9-618ACAC0A640}.Ad-Hoc|Any CPU.ActiveCfg = Release|Any CPU
		{053A61CE-FD5B-4876-82F9-618ACAC0A640}.Ad-Hoc|Any CPU.Build.0 = Release|Any CPU
		{053A61CE-FD5B-4876-82F9-618ACAC0A640}.Ad-Hoc|ARM.ActiveCfg = Release|Any CPU
		{053A61CE-FD5B-4876-82F9-618ACAC0A640}.Ad-Hoc|iPhone.ActiveCfg = Release|Any CPU
		{053A61CE-FD5B-4876-82F9-618ACAC0A640}.Ad-Hoc|iPhoneSimulator.ActiveCfg = Release|Any CPU
		{053A61CE-FD5B-4876-82F9-618ACAC0A640}.Ad-Hoc|Mixed Platforms.ActiveCfg = Release|Any CPU
		{053A61CE-FD5B-4876-82F9-618ACAC0A640}.Ad-Hoc|Mixed Platforms.Build.0 = Release|Any CPU
		{053A61CE-FD5B-4876-82F9-618ACAC0A640}.Ad-Hoc|x64.ActiveCfg = Debug|Any CPU
		{053A61CE-FD5B-4876-82F9-618ACAC0A640}.Ad-Hoc|x64.Build.0 = Debug|Any CPU
		{053A61CE-FD5B-4876-82F9-618ACAC0A640}.Ad-Hoc|x86.ActiveCfg = Release|Any CPU
		{053A61CE-FD5B-4876-82F9-618ACAC0A640}.AppStore|Any CPU.ActiveCfg = Release|Any CPU
		{053A61CE-FD5B-4876-82F9-618ACAC0A640}.AppStore|Any CPU.Build.0 = Release|Any CPU
		{053A61CE-FD5B-4876-82F9-618ACAC0A640}.AppStore|ARM.ActiveCfg = Release|Any CPU
		{053A61CE-FD5B-4876-82F9-618ACAC0A640}.AppStore|iPhone.ActiveCfg = Release|Any CPU
		{053A61CE-FD5B-4876-82F9-618ACAC0A640}.AppStore|iPhoneSimulator.ActiveCfg = Release|Any CPU
		{053A61CE-FD5B-4876-82F9-618ACAC0A640}.AppStore|Mixed Platforms.ActiveCfg = Release|Any CPU
		{053A61CE-FD5B-4876-82F9-618ACAC0A640}.AppStore|Mixed Platforms.Build.0 = Release|Any CPU
		{053A61CE-FD5B-4876-82F9-618ACAC0A640}.AppStore|x64.ActiveCfg = Debug|Any CPU
		{053A61CE-FD5B-4876-82F9-618ACAC0A640}.AppStore|x64.Build.0 = Debug|Any CPU
		{053A61CE-FD5B-4876-82F9-618ACAC0A640}.AppStore|x86.ActiveCfg = Release|Any CPU
		{053A61CE-FD5B-4876-82F9-618ACAC0A640}.Debug|Any CPU.ActiveCfg = Debug|Any CPU
		{053A61CE-FD5B-4876-82F9-618ACAC0A640}.Debug|Any CPU.Build.0 = Debug|Any CPU
		{053A61CE-FD5B-4876-82F9-618ACAC0A640}.Debug|ARM.ActiveCfg = Debug|Any CPU
		{053A61CE-FD5B-4876-82F9-618ACAC0A640}.Debug|iPhone.ActiveCfg = Debug|Any CPU
		{053A61CE-FD5B-4876-82F9-618ACAC0A640}.Debug|iPhoneSimulator.ActiveCfg = Debug|Any CPU
		{053A61CE-FD5B-4876-82F9-618ACAC0A640}.Debug|Mixed Platforms.ActiveCfg = Debug|Any CPU
		{053A61CE-FD5B-4876-82F9-618ACAC0A640}.Debug|Mixed Platforms.Build.0 = Debug|Any CPU
		{053A61CE-FD5B-4876-82F9-618ACAC0A640}.Debug|x64.ActiveCfg = Debug|Any CPU
		{053A61CE-FD5B-4876-82F9-618ACAC0A640}.Debug|x64.Build.0 = Debug|Any CPU
		{053A61CE-FD5B-4876-82F9-618ACAC0A640}.Debug|x86.ActiveCfg = Debug|Any CPU
		{053A61CE-FD5B-4876-82F9-618ACAC0A640}.Release|Any CPU.ActiveCfg = Release|Any CPU
		{053A61CE-FD5B-4876-82F9-618ACAC0A640}.Release|Any CPU.Build.0 = Release|Any CPU
		{053A61CE-FD5B-4876-82F9-618ACAC0A640}.Release|ARM.ActiveCfg = Release|Any CPU
		{053A61CE-FD5B-4876-82F9-618ACAC0A640}.Release|iPhone.ActiveCfg = Release|Any CPU
		{053A61CE-FD5B-4876-82F9-618ACAC0A640}.Release|iPhoneSimulator.ActiveCfg = Release|Any CPU
		{053A61CE-FD5B-4876-82F9-618ACAC0A640}.Release|Mixed Platforms.ActiveCfg = Release|Any CPU
		{053A61CE-FD5B-4876-82F9-618ACAC0A640}.Release|Mixed Platforms.Build.0 = Release|Any CPU
		{053A61CE-FD5B-4876-82F9-618ACAC0A640}.Release|x64.ActiveCfg = Release|Any CPU
		{053A61CE-FD5B-4876-82F9-618ACAC0A640}.Release|x64.Build.0 = Release|Any CPU
		{053A61CE-FD5B-4876-82F9-618ACAC0A640}.Release|x86.ActiveCfg = Release|Any CPU
		{2578F6E5-24CE-4C28-B9AA-A05E97026F96}.Ad-Hoc|Any CPU.ActiveCfg = Release|Any CPU
		{2578F6E5-24CE-4C28-B9AA-A05E97026F96}.Ad-Hoc|Any CPU.Build.0 = Release|Any CPU
		{2578F6E5-24CE-4C28-B9AA-A05E97026F96}.Ad-Hoc|ARM.ActiveCfg = Release|Any CPU
		{2578F6E5-24CE-4C28-B9AA-A05E97026F96}.Ad-Hoc|iPhone.ActiveCfg = Release|Any CPU
		{2578F6E5-24CE-4C28-B9AA-A05E97026F96}.Ad-Hoc|iPhoneSimulator.ActiveCfg = Release|Any CPU
		{2578F6E5-24CE-4C28-B9AA-A05E97026F96}.Ad-Hoc|Mixed Platforms.ActiveCfg = Release|Any CPU
		{2578F6E5-24CE-4C28-B9AA-A05E97026F96}.Ad-Hoc|Mixed Platforms.Build.0 = Release|Any CPU
		{2578F6E5-24CE-4C28-B9AA-A05E97026F96}.Ad-Hoc|x64.ActiveCfg = Debug|Any CPU
		{2578F6E5-24CE-4C28-B9AA-A05E97026F96}.Ad-Hoc|x64.Build.0 = Debug|Any CPU
		{2578F6E5-24CE-4C28-B9AA-A05E97026F96}.Ad-Hoc|x86.ActiveCfg = Release|Any CPU
		{2578F6E5-24CE-4C28-B9AA-A05E97026F96}.AppStore|Any CPU.ActiveCfg = Release|Any CPU
		{2578F6E5-24CE-4C28-B9AA-A05E97026F96}.AppStore|Any CPU.Build.0 = Release|Any CPU
		{2578F6E5-24CE-4C28-B9AA-A05E97026F96}.AppStore|ARM.ActiveCfg = Release|Any CPU
		{2578F6E5-24CE-4C28-B9AA-A05E97026F96}.AppStore|iPhone.ActiveCfg = Release|Any CPU
		{2578F6E5-24CE-4C28-B9AA-A05E97026F96}.AppStore|iPhoneSimulator.ActiveCfg = Release|Any CPU
		{2578F6E5-24CE-4C28-B9AA-A05E97026F96}.AppStore|Mixed Platforms.ActiveCfg = Release|Any CPU
		{2578F6E5-24CE-4C28-B9AA-A05E97026F96}.AppStore|Mixed Platforms.Build.0 = Release|Any CPU
		{2578F6E5-24CE-4C28-B9AA-A05E97026F96}.AppStore|x64.ActiveCfg = Debug|Any CPU
		{2578F6E5-24CE-4C28-B9AA-A05E97026F96}.AppStore|x64.Build.0 = Debug|Any CPU
		{2578F6E5-24CE-4C28-B9AA-A05E97026F96}.AppStore|x86.ActiveCfg = Release|Any CPU
		{2578F6E5-24CE-4C28-B9AA-A05E97026F96}.Debug|Any CPU.ActiveCfg = Debug|Any CPU
		{2578F6E5-24CE-4C28-B9AA-A05E97026F96}.Debug|Any CPU.Build.0 = Debug|Any CPU
		{2578F6E5-24CE-4C28-B9AA-A05E97026F96}.Debug|ARM.ActiveCfg = Debug|Any CPU
		{2578F6E5-24CE-4C28-B9AA-A05E97026F96}.Debug|iPhone.ActiveCfg = Debug|Any CPU
		{2578F6E5-24CE-4C28-B9AA-A05E97026F96}.Debug|iPhoneSimulator.ActiveCfg = Debug|Any CPU
		{2578F6E5-24CE-4C28-B9AA-A05E97026F96}.Debug|Mixed Platforms.ActiveCfg = Debug|Any CPU
		{2578F6E5-24CE-4C28-B9AA-A05E97026F96}.Debug|Mixed Platforms.Build.0 = Debug|Any CPU
		{2578F6E5-24CE-4C28-B9AA-A05E97026F96}.Debug|x64.ActiveCfg = Debug|Any CPU
		{2578F6E5-24CE-4C28-B9AA-A05E97026F96}.Debug|x64.Build.0 = Debug|Any CPU
		{2578F6E5-24CE-4C28-B9AA-A05E97026F96}.Debug|x86.ActiveCfg = Debug|Any CPU
		{2578F6E5-24CE-4C28-B9AA-A05E97026F96}.Release|Any CPU.ActiveCfg = Release|Any CPU
		{2578F6E5-24CE-4C28-B9AA-A05E97026F96}.Release|Any CPU.Build.0 = Release|Any CPU
		{2578F6E5-24CE-4C28-B9AA-A05E97026F96}.Release|ARM.ActiveCfg = Release|Any CPU
		{2578F6E5-24CE-4C28-B9AA-A05E97026F96}.Release|iPhone.ActiveCfg = Release|Any CPU
		{2578F6E5-24CE-4C28-B9AA-A05E97026F96}.Release|iPhoneSimulator.ActiveCfg = Release|Any CPU
		{2578F6E5-24CE-4C28-B9AA-A05E97026F96}.Release|Mixed Platforms.ActiveCfg = Release|Any CPU
		{2578F6E5-24CE-4C28-B9AA-A05E97026F96}.Release|Mixed Platforms.Build.0 = Release|Any CPU
		{2578F6E5-24CE-4C28-B9AA-A05E97026F96}.Release|x64.ActiveCfg = Release|Any CPU
		{2578F6E5-24CE-4C28-B9AA-A05E97026F96}.Release|x64.Build.0 = Release|Any CPU
		{2578F6E5-24CE-4C28-B9AA-A05E97026F96}.Release|x86.ActiveCfg = Release|Any CPU
		{F4A7DCB5-268E-4190-BB69-50E589644B2C}.Ad-Hoc|Any CPU.ActiveCfg = Release|Any CPU
		{F4A7DCB5-268E-4190-BB69-50E589644B2C}.Ad-Hoc|Any CPU.Build.0 = Release|Any CPU
		{F4A7DCB5-268E-4190-BB69-50E589644B2C}.Ad-Hoc|ARM.ActiveCfg = Release|Any CPU
		{F4A7DCB5-268E-4190-BB69-50E589644B2C}.Ad-Hoc|iPhone.ActiveCfg = Release|Any CPU
		{F4A7DCB5-268E-4190-BB69-50E589644B2C}.Ad-Hoc|iPhoneSimulator.ActiveCfg = Release|Any CPU
		{F4A7DCB5-268E-4190-BB69-50E589644B2C}.Ad-Hoc|Mixed Platforms.ActiveCfg = Release|Any CPU
		{F4A7DCB5-268E-4190-BB69-50E589644B2C}.Ad-Hoc|Mixed Platforms.Build.0 = Release|Any CPU
		{F4A7DCB5-268E-4190-BB69-50E589644B2C}.Ad-Hoc|x64.ActiveCfg = Debug|Any CPU
		{F4A7DCB5-268E-4190-BB69-50E589644B2C}.Ad-Hoc|x64.Build.0 = Debug|Any CPU
		{F4A7DCB5-268E-4190-BB69-50E589644B2C}.Ad-Hoc|x86.ActiveCfg = Release|Any CPU
		{F4A7DCB5-268E-4190-BB69-50E589644B2C}.AppStore|Any CPU.ActiveCfg = Release|Any CPU
		{F4A7DCB5-268E-4190-BB69-50E589644B2C}.AppStore|Any CPU.Build.0 = Release|Any CPU
		{F4A7DCB5-268E-4190-BB69-50E589644B2C}.AppStore|ARM.ActiveCfg = Release|Any CPU
		{F4A7DCB5-268E-4190-BB69-50E589644B2C}.AppStore|iPhone.ActiveCfg = Release|Any CPU
		{F4A7DCB5-268E-4190-BB69-50E589644B2C}.AppStore|iPhoneSimulator.ActiveCfg = Release|Any CPU
		{F4A7DCB5-268E-4190-BB69-50E589644B2C}.AppStore|Mixed Platforms.ActiveCfg = Release|Any CPU
		{F4A7DCB5-268E-4190-BB69-50E589644B2C}.AppStore|Mixed Platforms.Build.0 = Release|Any CPU
		{F4A7DCB5-268E-4190-BB69-50E589644B2C}.AppStore|x64.ActiveCfg = Debug|Any CPU
		{F4A7DCB5-268E-4190-BB69-50E589644B2C}.AppStore|x64.Build.0 = Debug|Any CPU
		{F4A7DCB5-268E-4190-BB69-50E589644B2C}.AppStore|x86.ActiveCfg = Release|Any CPU
		{F4A7DCB5-268E-4190-BB69-50E589644B2C}.Debug|Any CPU.ActiveCfg = Debug|Any CPU
		{F4A7DCB5-268E-4190-BB69-50E589644B2C}.Debug|Any CPU.Build.0 = Debug|Any CPU
		{F4A7DCB5-268E-4190-BB69-50E589644B2C}.Debug|ARM.ActiveCfg = Debug|Any CPU
		{F4A7DCB5-268E-4190-BB69-50E589644B2C}.Debug|iPhone.ActiveCfg = Debug|Any CPU
		{F4A7DCB5-268E-4190-BB69-50E589644B2C}.Debug|iPhoneSimulator.ActiveCfg = Debug|Any CPU
		{F4A7DCB5-268E-4190-BB69-50E589644B2C}.Debug|Mixed Platforms.ActiveCfg = Debug|Any CPU
		{F4A7DCB5-268E-4190-BB69-50E589644B2C}.Debug|Mixed Platforms.Build.0 = Debug|Any CPU
		{F4A7DCB5-268E-4190-BB69-50E589644B2C}.Debug|x64.ActiveCfg = Debug|Any CPU
		{F4A7DCB5-268E-4190-BB69-50E589644B2C}.Debug|x64.Build.0 = Debug|Any CPU
		{F4A7DCB5-268E-4190-BB69-50E589644B2C}.Debug|x86.ActiveCfg = Debug|Any CPU
		{F4A7DCB5-268E-4190-BB69-50E589644B2C}.Release|Any CPU.ActiveCfg = Release|Any CPU
		{F4A7DCB5-268E-4190-BB69-50E589644B2C}.Release|Any CPU.Build.0 = Release|Any CPU
		{F4A7DCB5-268E-4190-BB69-50E589644B2C}.Release|ARM.ActiveCfg = Release|Any CPU
		{F4A7DCB5-268E-4190-BB69-50E589644B2C}.Release|iPhone.ActiveCfg = Release|Any CPU
		{F4A7DCB5-268E-4190-BB69-50E589644B2C}.Release|iPhoneSimulator.ActiveCfg = Release|Any CPU
		{F4A7DCB5-268E-4190-BB69-50E589644B2C}.Release|Mixed Platforms.ActiveCfg = Release|Any CPU
		{F4A7DCB5-268E-4190-BB69-50E589644B2C}.Release|Mixed Platforms.Build.0 = Release|Any CPU
		{F4A7DCB5-268E-4190-BB69-50E589644B2C}.Release|x64.ActiveCfg = Release|Any CPU
		{F4A7DCB5-268E-4190-BB69-50E589644B2C}.Release|x64.Build.0 = Release|Any CPU
		{F4A7DCB5-268E-4190-BB69-50E589644B2C}.Release|x86.ActiveCfg = Release|Any CPU
		{59DB6F11-6707-47E7-B0B1-44515A73EB38}.Ad-Hoc|Any CPU.ActiveCfg = Release|Any CPU
		{59DB6F11-6707-47E7-B0B1-44515A73EB38}.Ad-Hoc|Any CPU.Build.0 = Release|Any CPU
		{59DB6F11-6707-47E7-B0B1-44515A73EB38}.Ad-Hoc|ARM.ActiveCfg = Release|Any CPU
		{59DB6F11-6707-47E7-B0B1-44515A73EB38}.Ad-Hoc|ARM.Build.0 = Release|Any CPU
		{59DB6F11-6707-47E7-B0B1-44515A73EB38}.Ad-Hoc|iPhone.ActiveCfg = Release|Any CPU
		{59DB6F11-6707-47E7-B0B1-44515A73EB38}.Ad-Hoc|iPhone.Build.0 = Release|Any CPU
		{59DB6F11-6707-47E7-B0B1-44515A73EB38}.Ad-Hoc|iPhoneSimulator.ActiveCfg = Release|Any CPU
		{59DB6F11-6707-47E7-B0B1-44515A73EB38}.Ad-Hoc|iPhoneSimulator.Build.0 = Release|Any CPU
		{59DB6F11-6707-47E7-B0B1-44515A73EB38}.Ad-Hoc|Mixed Platforms.ActiveCfg = Release|Any CPU
		{59DB6F11-6707-47E7-B0B1-44515A73EB38}.Ad-Hoc|Mixed Platforms.Build.0 = Release|Any CPU
		{59DB6F11-6707-47E7-B0B1-44515A73EB38}.Ad-Hoc|x64.ActiveCfg = Debug|Any CPU
		{59DB6F11-6707-47E7-B0B1-44515A73EB38}.Ad-Hoc|x64.Build.0 = Debug|Any CPU
		{59DB6F11-6707-47E7-B0B1-44515A73EB38}.Ad-Hoc|x86.ActiveCfg = Release|Any CPU
		{59DB6F11-6707-47E7-B0B1-44515A73EB38}.Ad-Hoc|x86.Build.0 = Release|Any CPU
		{59DB6F11-6707-47E7-B0B1-44515A73EB38}.AppStore|Any CPU.ActiveCfg = Release|Any CPU
		{59DB6F11-6707-47E7-B0B1-44515A73EB38}.AppStore|Any CPU.Build.0 = Release|Any CPU
		{59DB6F11-6707-47E7-B0B1-44515A73EB38}.AppStore|ARM.ActiveCfg = Release|Any CPU
		{59DB6F11-6707-47E7-B0B1-44515A73EB38}.AppStore|ARM.Build.0 = Release|Any CPU
		{59DB6F11-6707-47E7-B0B1-44515A73EB38}.AppStore|iPhone.ActiveCfg = Release|Any CPU
		{59DB6F11-6707-47E7-B0B1-44515A73EB38}.AppStore|iPhone.Build.0 = Release|Any CPU
		{59DB6F11-6707-47E7-B0B1-44515A73EB38}.AppStore|iPhoneSimulator.ActiveCfg = Release|Any CPU
		{59DB6F11-6707-47E7-B0B1-44515A73EB38}.AppStore|iPhoneSimulator.Build.0 = Release|Any CPU
		{59DB6F11-6707-47E7-B0B1-44515A73EB38}.AppStore|Mixed Platforms.ActiveCfg = Release|Any CPU
		{59DB6F11-6707-47E7-B0B1-44515A73EB38}.AppStore|Mixed Platforms.Build.0 = Release|Any CPU
		{59DB6F11-6707-47E7-B0B1-44515A73EB38}.AppStore|x64.ActiveCfg = Debug|Any CPU
		{59DB6F11-6707-47E7-B0B1-44515A73EB38}.AppStore|x64.Build.0 = Debug|Any CPU
		{59DB6F11-6707-47E7-B0B1-44515A73EB38}.AppStore|x86.ActiveCfg = Release|Any CPU
		{59DB6F11-6707-47E7-B0B1-44515A73EB38}.AppStore|x86.Build.0 = Release|Any CPU
		{59DB6F11-6707-47E7-B0B1-44515A73EB38}.Debug|Any CPU.ActiveCfg = Debug|Any CPU
		{59DB6F11-6707-47E7-B0B1-44515A73EB38}.Debug|Any CPU.Build.0 = Debug|Any CPU
		{59DB6F11-6707-47E7-B0B1-44515A73EB38}.Debug|ARM.ActiveCfg = Debug|Any CPU
		{59DB6F11-6707-47E7-B0B1-44515A73EB38}.Debug|ARM.Build.0 = Debug|Any CPU
		{59DB6F11-6707-47E7-B0B1-44515A73EB38}.Debug|iPhone.ActiveCfg = Debug|Any CPU
		{59DB6F11-6707-47E7-B0B1-44515A73EB38}.Debug|iPhone.Build.0 = Debug|Any CPU
		{59DB6F11-6707-47E7-B0B1-44515A73EB38}.Debug|iPhoneSimulator.ActiveCfg = Debug|Any CPU
		{59DB6F11-6707-47E7-B0B1-44515A73EB38}.Debug|iPhoneSimulator.Build.0 = Debug|Any CPU
		{59DB6F11-6707-47E7-B0B1-44515A73EB38}.Debug|Mixed Platforms.ActiveCfg = Debug|Any CPU
		{59DB6F11-6707-47E7-B0B1-44515A73EB38}.Debug|Mixed Platforms.Build.0 = Debug|Any CPU
		{59DB6F11-6707-47E7-B0B1-44515A73EB38}.Debug|x64.ActiveCfg = Debug|Any CPU
		{59DB6F11-6707-47E7-B0B1-44515A73EB38}.Debug|x64.Build.0 = Debug|Any CPU
		{59DB6F11-6707-47E7-B0B1-44515A73EB38}.Debug|x86.ActiveCfg = Debug|Any CPU
		{59DB6F11-6707-47E7-B0B1-44515A73EB38}.Debug|x86.Build.0 = Debug|Any CPU
		{59DB6F11-6707-47E7-B0B1-44515A73EB38}.Release|Any CPU.ActiveCfg = Release|Any CPU
		{59DB6F11-6707-47E7-B0B1-44515A73EB38}.Release|Any CPU.Build.0 = Release|Any CPU
		{59DB6F11-6707-47E7-B0B1-44515A73EB38}.Release|ARM.ActiveCfg = Release|Any CPU
		{59DB6F11-6707-47E7-B0B1-44515A73EB38}.Release|ARM.Build.0 = Release|Any CPU
		{59DB6F11-6707-47E7-B0B1-44515A73EB38}.Release|iPhone.ActiveCfg = Release|Any CPU
		{59DB6F11-6707-47E7-B0B1-44515A73EB38}.Release|iPhone.Build.0 = Release|Any CPU
		{59DB6F11-6707-47E7-B0B1-44515A73EB38}.Release|iPhoneSimulator.ActiveCfg = Release|Any CPU
		{59DB6F11-6707-47E7-B0B1-44515A73EB38}.Release|iPhoneSimulator.Build.0 = Release|Any CPU
		{59DB6F11-6707-47E7-B0B1-44515A73EB38}.Release|Mixed Platforms.ActiveCfg = Release|Any CPU
		{59DB6F11-6707-47E7-B0B1-44515A73EB38}.Release|Mixed Platforms.Build.0 = Release|Any CPU
		{59DB6F11-6707-47E7-B0B1-44515A73EB38}.Release|x64.ActiveCfg = Release|Any CPU
		{59DB6F11-6707-47E7-B0B1-44515A73EB38}.Release|x64.Build.0 = Release|Any CPU
		{59DB6F11-6707-47E7-B0B1-44515A73EB38}.Release|x86.ActiveCfg = Release|Any CPU
		{59DB6F11-6707-47E7-B0B1-44515A73EB38}.Release|x86.Build.0 = Release|Any CPU
		{165AA848-5CC8-49BA-A485-19D7C922745B}.Ad-Hoc|Any CPU.ActiveCfg = Release|Any CPU
		{165AA848-5CC8-49BA-A485-19D7C922745B}.Ad-Hoc|Any CPU.Build.0 = Release|Any CPU
		{165AA848-5CC8-49BA-A485-19D7C922745B}.Ad-Hoc|ARM.ActiveCfg = Release|Any CPU
		{165AA848-5CC8-49BA-A485-19D7C922745B}.Ad-Hoc|ARM.Build.0 = Release|Any CPU
		{165AA848-5CC8-49BA-A485-19D7C922745B}.Ad-Hoc|iPhone.ActiveCfg = Release|Any CPU
		{165AA848-5CC8-49BA-A485-19D7C922745B}.Ad-Hoc|iPhone.Build.0 = Release|Any CPU
		{165AA848-5CC8-49BA-A485-19D7C922745B}.Ad-Hoc|iPhoneSimulator.ActiveCfg = Release|Any CPU
		{165AA848-5CC8-49BA-A485-19D7C922745B}.Ad-Hoc|iPhoneSimulator.Build.0 = Release|Any CPU
		{165AA848-5CC8-49BA-A485-19D7C922745B}.Ad-Hoc|Mixed Platforms.ActiveCfg = Release|Any CPU
		{165AA848-5CC8-49BA-A485-19D7C922745B}.Ad-Hoc|Mixed Platforms.Build.0 = Release|Any CPU
		{165AA848-5CC8-49BA-A485-19D7C922745B}.Ad-Hoc|x64.ActiveCfg = Debug|Any CPU
		{165AA848-5CC8-49BA-A485-19D7C922745B}.Ad-Hoc|x64.Build.0 = Debug|Any CPU
		{165AA848-5CC8-49BA-A485-19D7C922745B}.Ad-Hoc|x64.Deploy.0 = Debug|Any CPU
		{165AA848-5CC8-49BA-A485-19D7C922745B}.Ad-Hoc|x86.ActiveCfg = Release|Any CPU
		{165AA848-5CC8-49BA-A485-19D7C922745B}.Ad-Hoc|x86.Build.0 = Release|Any CPU
		{165AA848-5CC8-49BA-A485-19D7C922745B}.AppStore|Any CPU.ActiveCfg = Release|Any CPU
		{165AA848-5CC8-49BA-A485-19D7C922745B}.AppStore|Any CPU.Build.0 = Release|Any CPU
		{165AA848-5CC8-49BA-A485-19D7C922745B}.AppStore|ARM.ActiveCfg = Release|Any CPU
		{165AA848-5CC8-49BA-A485-19D7C922745B}.AppStore|ARM.Build.0 = Release|Any CPU
		{165AA848-5CC8-49BA-A485-19D7C922745B}.AppStore|iPhone.ActiveCfg = Release|Any CPU
		{165AA848-5CC8-49BA-A485-19D7C922745B}.AppStore|iPhone.Build.0 = Release|Any CPU
		{165AA848-5CC8-49BA-A485-19D7C922745B}.AppStore|iPhoneSimulator.ActiveCfg = Release|Any CPU
		{165AA848-5CC8-49BA-A485-19D7C922745B}.AppStore|iPhoneSimulator.Build.0 = Release|Any CPU
		{165AA848-5CC8-49BA-A485-19D7C922745B}.AppStore|Mixed Platforms.ActiveCfg = Release|Any CPU
		{165AA848-5CC8-49BA-A485-19D7C922745B}.AppStore|Mixed Platforms.Build.0 = Release|Any CPU
		{165AA848-5CC8-49BA-A485-19D7C922745B}.AppStore|x64.ActiveCfg = Debug|Any CPU
		{165AA848-5CC8-49BA-A485-19D7C922745B}.AppStore|x64.Build.0 = Debug|Any CPU
		{165AA848-5CC8-49BA-A485-19D7C922745B}.AppStore|x64.Deploy.0 = Debug|Any CPU
		{165AA848-5CC8-49BA-A485-19D7C922745B}.AppStore|x86.ActiveCfg = Release|Any CPU
		{165AA848-5CC8-49BA-A485-19D7C922745B}.AppStore|x86.Build.0 = Release|Any CPU
		{165AA848-5CC8-49BA-A485-19D7C922745B}.Debug|Any CPU.ActiveCfg = Debug|Any CPU
		{165AA848-5CC8-49BA-A485-19D7C922745B}.Debug|Any CPU.Build.0 = Debug|Any CPU
		{165AA848-5CC8-49BA-A485-19D7C922745B}.Debug|Any CPU.Deploy.0 = Debug|Any CPU
		{165AA848-5CC8-49BA-A485-19D7C922745B}.Debug|ARM.ActiveCfg = Debug|Any CPU
		{165AA848-5CC8-49BA-A485-19D7C922745B}.Debug|ARM.Build.0 = Debug|Any CPU
		{165AA848-5CC8-49BA-A485-19D7C922745B}.Debug|iPhone.ActiveCfg = Debug|Any CPU
		{165AA848-5CC8-49BA-A485-19D7C922745B}.Debug|iPhone.Build.0 = Debug|Any CPU
		{165AA848-5CC8-49BA-A485-19D7C922745B}.Debug|iPhoneSimulator.ActiveCfg = Debug|Any CPU
		{165AA848-5CC8-49BA-A485-19D7C922745B}.Debug|iPhoneSimulator.Build.0 = Debug|Any CPU
		{165AA848-5CC8-49BA-A485-19D7C922745B}.Debug|Mixed Platforms.ActiveCfg = Debug|Any CPU
		{165AA848-5CC8-49BA-A485-19D7C922745B}.Debug|Mixed Platforms.Build.0 = Debug|Any CPU
		{165AA848-5CC8-49BA-A485-19D7C922745B}.Debug|x64.ActiveCfg = Debug|Any CPU
		{165AA848-5CC8-49BA-A485-19D7C922745B}.Debug|x64.Build.0 = Debug|Any CPU
		{165AA848-5CC8-49BA-A485-19D7C922745B}.Debug|x64.Deploy.0 = Debug|Any CPU
		{165AA848-5CC8-49BA-A485-19D7C922745B}.Debug|x86.ActiveCfg = Debug|Any CPU
		{165AA848-5CC8-49BA-A485-19D7C922745B}.Debug|x86.Build.0 = Debug|Any CPU
		{165AA848-5CC8-49BA-A485-19D7C922745B}.Release|Any CPU.ActiveCfg = Release|Any CPU
		{165AA848-5CC8-49BA-A485-19D7C922745B}.Release|Any CPU.Build.0 = Release|Any CPU
		{165AA848-5CC8-49BA-A485-19D7C922745B}.Release|ARM.ActiveCfg = Release|Any CPU
		{165AA848-5CC8-49BA-A485-19D7C922745B}.Release|ARM.Build.0 = Release|Any CPU
		{165AA848-5CC8-49BA-A485-19D7C922745B}.Release|iPhone.ActiveCfg = Release|Any CPU
		{165AA848-5CC8-49BA-A485-19D7C922745B}.Release|iPhone.Build.0 = Release|Any CPU
		{165AA848-5CC8-49BA-A485-19D7C922745B}.Release|iPhoneSimulator.ActiveCfg = Release|Any CPU
		{165AA848-5CC8-49BA-A485-19D7C922745B}.Release|iPhoneSimulator.Build.0 = Release|Any CPU
		{165AA848-5CC8-49BA-A485-19D7C922745B}.Release|Mixed Platforms.ActiveCfg = Release|Any CPU
		{165AA848-5CC8-49BA-A485-19D7C922745B}.Release|Mixed Platforms.Build.0 = Release|Any CPU
		{165AA848-5CC8-49BA-A485-19D7C922745B}.Release|x64.ActiveCfg = Release|Any CPU
		{165AA848-5CC8-49BA-A485-19D7C922745B}.Release|x64.Build.0 = Release|Any CPU
		{165AA848-5CC8-49BA-A485-19D7C922745B}.Release|x64.Deploy.0 = Release|Any CPU
		{165AA848-5CC8-49BA-A485-19D7C922745B}.Release|x86.ActiveCfg = Release|Any CPU
		{165AA848-5CC8-49BA-A485-19D7C922745B}.Release|x86.Build.0 = Release|Any CPU
		{17B432FF-1CAA-49B3-A02C-195F5228199D}.Ad-Hoc|Any CPU.ActiveCfg = Ad-Hoc|iPhone
		{17B432FF-1CAA-49B3-A02C-195F5228199D}.Ad-Hoc|Any CPU.Build.0 = Ad-Hoc|iPhone
		{17B432FF-1CAA-49B3-A02C-195F5228199D}.Ad-Hoc|ARM.ActiveCfg = Ad-Hoc|iPhone
		{17B432FF-1CAA-49B3-A02C-195F5228199D}.Ad-Hoc|ARM.Build.0 = Ad-Hoc|iPhone
		{17B432FF-1CAA-49B3-A02C-195F5228199D}.Ad-Hoc|iPhone.ActiveCfg = Ad-Hoc|iPhone
		{17B432FF-1CAA-49B3-A02C-195F5228199D}.Ad-Hoc|iPhone.Build.0 = Ad-Hoc|iPhone
		{17B432FF-1CAA-49B3-A02C-195F5228199D}.Ad-Hoc|iPhoneSimulator.ActiveCfg = Debug|iPhoneSimulator
		{17B432FF-1CAA-49B3-A02C-195F5228199D}.Ad-Hoc|iPhoneSimulator.Build.0 = Debug|iPhoneSimulator
		{17B432FF-1CAA-49B3-A02C-195F5228199D}.Ad-Hoc|Mixed Platforms.ActiveCfg = Ad-Hoc|iPhone
		{17B432FF-1CAA-49B3-A02C-195F5228199D}.Ad-Hoc|Mixed Platforms.Build.0 = Ad-Hoc|iPhone
		{17B432FF-1CAA-49B3-A02C-195F5228199D}.Ad-Hoc|x64.ActiveCfg = Ad-Hoc|iPhoneSimulator
		{17B432FF-1CAA-49B3-A02C-195F5228199D}.Ad-Hoc|x86.ActiveCfg = Ad-Hoc|iPhone
		{17B432FF-1CAA-49B3-A02C-195F5228199D}.Ad-Hoc|x86.Build.0 = Ad-Hoc|iPhone
		{17B432FF-1CAA-49B3-A02C-195F5228199D}.AppStore|Any CPU.ActiveCfg = AppStore|iPhone
		{17B432FF-1CAA-49B3-A02C-195F5228199D}.AppStore|Any CPU.Build.0 = AppStore|iPhone
		{17B432FF-1CAA-49B3-A02C-195F5228199D}.AppStore|ARM.ActiveCfg = AppStore|iPhone
		{17B432FF-1CAA-49B3-A02C-195F5228199D}.AppStore|ARM.Build.0 = AppStore|iPhone
		{17B432FF-1CAA-49B3-A02C-195F5228199D}.AppStore|iPhone.ActiveCfg = AppStore|iPhone
		{17B432FF-1CAA-49B3-A02C-195F5228199D}.AppStore|iPhone.Build.0 = AppStore|iPhone
		{17B432FF-1CAA-49B3-A02C-195F5228199D}.AppStore|iPhoneSimulator.ActiveCfg = Debug|iPhoneSimulator
		{17B432FF-1CAA-49B3-A02C-195F5228199D}.AppStore|iPhoneSimulator.Build.0 = Debug|iPhoneSimulator
		{17B432FF-1CAA-49B3-A02C-195F5228199D}.AppStore|Mixed Platforms.ActiveCfg = AppStore|iPhone
		{17B432FF-1CAA-49B3-A02C-195F5228199D}.AppStore|Mixed Platforms.Build.0 = AppStore|iPhone
		{17B432FF-1CAA-49B3-A02C-195F5228199D}.AppStore|x64.ActiveCfg = AppStore|iPhoneSimulator
		{17B432FF-1CAA-49B3-A02C-195F5228199D}.AppStore|x86.ActiveCfg = AppStore|iPhone
		{17B432FF-1CAA-49B3-A02C-195F5228199D}.AppStore|x86.Build.0 = AppStore|iPhone
		{17B432FF-1CAA-49B3-A02C-195F5228199D}.Debug|Any CPU.ActiveCfg = Debug|iPhoneSimulator
		{17B432FF-1CAA-49B3-A02C-195F5228199D}.Debug|Any CPU.Build.0 = Debug|iPhoneSimulator
		{17B432FF-1CAA-49B3-A02C-195F5228199D}.Debug|ARM.ActiveCfg = Debug|iPhoneSimulator
		{17B432FF-1CAA-49B3-A02C-195F5228199D}.Debug|ARM.Build.0 = Debug|iPhoneSimulator
		{17B432FF-1CAA-49B3-A02C-195F5228199D}.Debug|iPhone.ActiveCfg = Debug|iPhone
		{17B432FF-1CAA-49B3-A02C-195F5228199D}.Debug|iPhone.Build.0 = Debug|iPhone
		{17B432FF-1CAA-49B3-A02C-195F5228199D}.Debug|iPhoneSimulator.ActiveCfg = Debug|iPhoneSimulator
		{17B432FF-1CAA-49B3-A02C-195F5228199D}.Debug|iPhoneSimulator.Build.0 = Debug|iPhoneSimulator
		{17B432FF-1CAA-49B3-A02C-195F5228199D}.Debug|Mixed Platforms.ActiveCfg = Debug|iPhoneSimulator
		{17B432FF-1CAA-49B3-A02C-195F5228199D}.Debug|Mixed Platforms.Build.0 = Debug|iPhoneSimulator
		{17B432FF-1CAA-49B3-A02C-195F5228199D}.Debug|x64.ActiveCfg = Debug|iPhone
		{17B432FF-1CAA-49B3-A02C-195F5228199D}.Debug|x86.ActiveCfg = Debug|iPhoneSimulator
		{17B432FF-1CAA-49B3-A02C-195F5228199D}.Debug|x86.Build.0 = Debug|iPhoneSimulator
		{17B432FF-1CAA-49B3-A02C-195F5228199D}.Release|Any CPU.ActiveCfg = Release|iPhoneSimulator
		{17B432FF-1CAA-49B3-A02C-195F5228199D}.Release|Any CPU.Build.0 = Release|iPhoneSimulator
		{17B432FF-1CAA-49B3-A02C-195F5228199D}.Release|ARM.ActiveCfg = Release|iPhoneSimulator
		{17B432FF-1CAA-49B3-A02C-195F5228199D}.Release|ARM.Build.0 = Release|iPhoneSimulator
		{17B432FF-1CAA-49B3-A02C-195F5228199D}.Release|iPhone.ActiveCfg = Release|iPhone
		{17B432FF-1CAA-49B3-A02C-195F5228199D}.Release|iPhone.Build.0 = Release|iPhone
		{17B432FF-1CAA-49B3-A02C-195F5228199D}.Release|iPhoneSimulator.ActiveCfg = Release|iPhoneSimulator
		{17B432FF-1CAA-49B3-A02C-195F5228199D}.Release|iPhoneSimulator.Build.0 = Release|iPhoneSimulator
		{17B432FF-1CAA-49B3-A02C-195F5228199D}.Release|Mixed Platforms.ActiveCfg = Release|iPhoneSimulator
		{17B432FF-1CAA-49B3-A02C-195F5228199D}.Release|Mixed Platforms.Build.0 = Release|iPhoneSimulator
		{17B432FF-1CAA-49B3-A02C-195F5228199D}.Release|x64.ActiveCfg = Release|iPhone
		{17B432FF-1CAA-49B3-A02C-195F5228199D}.Release|x86.ActiveCfg = Release|iPhoneSimulator
		{17B432FF-1CAA-49B3-A02C-195F5228199D}.Release|x86.Build.0 = Release|iPhoneSimulator
		{3CBD7370-486A-4E7A-B2C3-18FC2A685C95}.Ad-Hoc|Any CPU.ActiveCfg = Release|Any CPU
		{3CBD7370-486A-4E7A-B2C3-18FC2A685C95}.Ad-Hoc|Any CPU.Build.0 = Release|Any CPU
		{3CBD7370-486A-4E7A-B2C3-18FC2A685C95}.Ad-Hoc|ARM.ActiveCfg = Release|Any CPU
		{3CBD7370-486A-4E7A-B2C3-18FC2A685C95}.Ad-Hoc|ARM.Build.0 = Release|Any CPU
		{3CBD7370-486A-4E7A-B2C3-18FC2A685C95}.Ad-Hoc|iPhone.ActiveCfg = Release|Any CPU
		{3CBD7370-486A-4E7A-B2C3-18FC2A685C95}.Ad-Hoc|iPhone.Build.0 = Release|Any CPU
		{3CBD7370-486A-4E7A-B2C3-18FC2A685C95}.Ad-Hoc|iPhoneSimulator.ActiveCfg = Release|Any CPU
		{3CBD7370-486A-4E7A-B2C3-18FC2A685C95}.Ad-Hoc|iPhoneSimulator.Build.0 = Release|Any CPU
		{3CBD7370-486A-4E7A-B2C3-18FC2A685C95}.Ad-Hoc|Mixed Platforms.ActiveCfg = Release|Any CPU
		{3CBD7370-486A-4E7A-B2C3-18FC2A685C95}.Ad-Hoc|Mixed Platforms.Build.0 = Release|Any CPU
		{3CBD7370-486A-4E7A-B2C3-18FC2A685C95}.Ad-Hoc|x64.ActiveCfg = Debug|Any CPU
		{3CBD7370-486A-4E7A-B2C3-18FC2A685C95}.Ad-Hoc|x64.Build.0 = Debug|Any CPU
		{3CBD7370-486A-4E7A-B2C3-18FC2A685C95}.Ad-Hoc|x86.ActiveCfg = Release|Any CPU
		{3CBD7370-486A-4E7A-B2C3-18FC2A685C95}.Ad-Hoc|x86.Build.0 = Release|Any CPU
		{3CBD7370-486A-4E7A-B2C3-18FC2A685C95}.AppStore|Any CPU.ActiveCfg = Release|Any CPU
		{3CBD7370-486A-4E7A-B2C3-18FC2A685C95}.AppStore|Any CPU.Build.0 = Release|Any CPU
		{3CBD7370-486A-4E7A-B2C3-18FC2A685C95}.AppStore|ARM.ActiveCfg = Release|Any CPU
		{3CBD7370-486A-4E7A-B2C3-18FC2A685C95}.AppStore|ARM.Build.0 = Release|Any CPU
		{3CBD7370-486A-4E7A-B2C3-18FC2A685C95}.AppStore|iPhone.ActiveCfg = Release|Any CPU
		{3CBD7370-486A-4E7A-B2C3-18FC2A685C95}.AppStore|iPhone.Build.0 = Release|Any CPU
		{3CBD7370-486A-4E7A-B2C3-18FC2A685C95}.AppStore|iPhoneSimulator.ActiveCfg = Release|Any CPU
		{3CBD7370-486A-4E7A-B2C3-18FC2A685C95}.AppStore|iPhoneSimulator.Build.0 = Release|Any CPU
		{3CBD7370-486A-4E7A-B2C3-18FC2A685C95}.AppStore|Mixed Platforms.ActiveCfg = Release|Any CPU
		{3CBD7370-486A-4E7A-B2C3-18FC2A685C95}.AppStore|Mixed Platforms.Build.0 = Release|Any CPU
		{3CBD7370-486A-4E7A-B2C3-18FC2A685C95}.AppStore|x64.ActiveCfg = Debug|Any CPU
		{3CBD7370-486A-4E7A-B2C3-18FC2A685C95}.AppStore|x64.Build.0 = Debug|Any CPU
		{3CBD7370-486A-4E7A-B2C3-18FC2A685C95}.AppStore|x86.ActiveCfg = Release|Any CPU
		{3CBD7370-486A-4E7A-B2C3-18FC2A685C95}.AppStore|x86.Build.0 = Release|Any CPU
		{3CBD7370-486A-4E7A-B2C3-18FC2A685C95}.Debug|Any CPU.ActiveCfg = Debug|Any CPU
		{3CBD7370-486A-4E7A-B2C3-18FC2A685C95}.Debug|Any CPU.Build.0 = Debug|Any CPU
		{3CBD7370-486A-4E7A-B2C3-18FC2A685C95}.Debug|ARM.ActiveCfg = Debug|Any CPU
		{3CBD7370-486A-4E7A-B2C3-18FC2A685C95}.Debug|ARM.Build.0 = Debug|Any CPU
		{3CBD7370-486A-4E7A-B2C3-18FC2A685C95}.Debug|iPhone.ActiveCfg = Debug|Any CPU
		{3CBD7370-486A-4E7A-B2C3-18FC2A685C95}.Debug|iPhone.Build.0 = Debug|Any CPU
		{3CBD7370-486A-4E7A-B2C3-18FC2A685C95}.Debug|iPhoneSimulator.ActiveCfg = Debug|Any CPU
		{3CBD7370-486A-4E7A-B2C3-18FC2A685C95}.Debug|iPhoneSimulator.Build.0 = Debug|Any CPU
		{3CBD7370-486A-4E7A-B2C3-18FC2A685C95}.Debug|Mixed Platforms.ActiveCfg = Debug|Any CPU
		{3CBD7370-486A-4E7A-B2C3-18FC2A685C95}.Debug|Mixed Platforms.Build.0 = Debug|Any CPU
		{3CBD7370-486A-4E7A-B2C3-18FC2A685C95}.Debug|x64.ActiveCfg = Debug|Any CPU
		{3CBD7370-486A-4E7A-B2C3-18FC2A685C95}.Debug|x64.Build.0 = Debug|Any CPU
		{3CBD7370-486A-4E7A-B2C3-18FC2A685C95}.Debug|x86.ActiveCfg = Debug|Any CPU
		{3CBD7370-486A-4E7A-B2C3-18FC2A685C95}.Debug|x86.Build.0 = Debug|Any CPU
		{3CBD7370-486A-4E7A-B2C3-18FC2A685C95}.Release|Any CPU.ActiveCfg = Release|Any CPU
		{3CBD7370-486A-4E7A-B2C3-18FC2A685C95}.Release|Any CPU.Build.0 = Release|Any CPU
		{3CBD7370-486A-4E7A-B2C3-18FC2A685C95}.Release|ARM.ActiveCfg = Release|Any CPU
		{3CBD7370-486A-4E7A-B2C3-18FC2A685C95}.Release|ARM.Build.0 = Release|Any CPU
		{3CBD7370-486A-4E7A-B2C3-18FC2A685C95}.Release|iPhone.ActiveCfg = Release|Any CPU
		{3CBD7370-486A-4E7A-B2C3-18FC2A685C95}.Release|iPhone.Build.0 = Release|Any CPU
		{3CBD7370-486A-4E7A-B2C3-18FC2A685C95}.Release|iPhoneSimulator.ActiveCfg = Release|Any CPU
		{3CBD7370-486A-4E7A-B2C3-18FC2A685C95}.Release|iPhoneSimulator.Build.0 = Release|Any CPU
		{3CBD7370-486A-4E7A-B2C3-18FC2A685C95}.Release|Mixed Platforms.ActiveCfg = Release|Any CPU
		{3CBD7370-486A-4E7A-B2C3-18FC2A685C95}.Release|Mixed Platforms.Build.0 = Release|Any CPU
		{3CBD7370-486A-4E7A-B2C3-18FC2A685C95}.Release|x64.ActiveCfg = Release|Any CPU
		{3CBD7370-486A-4E7A-B2C3-18FC2A685C95}.Release|x64.Build.0 = Release|Any CPU
		{3CBD7370-486A-4E7A-B2C3-18FC2A685C95}.Release|x86.ActiveCfg = Release|Any CPU
		{3CBD7370-486A-4E7A-B2C3-18FC2A685C95}.Release|x86.Build.0 = Release|Any CPU
		{3B235BE7-573C-481D-B308-16DB25503BC5}.Ad-Hoc|Any CPU.ActiveCfg = Release|Any CPU
		{3B235BE7-573C-481D-B308-16DB25503BC5}.Ad-Hoc|Any CPU.Build.0 = Release|Any CPU
		{3B235BE7-573C-481D-B308-16DB25503BC5}.Ad-Hoc|ARM.ActiveCfg = Release|Any CPU
		{3B235BE7-573C-481D-B308-16DB25503BC5}.Ad-Hoc|ARM.Build.0 = Release|Any CPU
		{3B235BE7-573C-481D-B308-16DB25503BC5}.Ad-Hoc|iPhone.ActiveCfg = Release|Any CPU
		{3B235BE7-573C-481D-B308-16DB25503BC5}.Ad-Hoc|iPhone.Build.0 = Release|Any CPU
		{3B235BE7-573C-481D-B308-16DB25503BC5}.Ad-Hoc|iPhoneSimulator.ActiveCfg = Release|Any CPU
		{3B235BE7-573C-481D-B308-16DB25503BC5}.Ad-Hoc|iPhoneSimulator.Build.0 = Release|Any CPU
		{3B235BE7-573C-481D-B308-16DB25503BC5}.Ad-Hoc|Mixed Platforms.ActiveCfg = Release|Any CPU
		{3B235BE7-573C-481D-B308-16DB25503BC5}.Ad-Hoc|Mixed Platforms.Build.0 = Release|Any CPU
		{3B235BE7-573C-481D-B308-16DB25503BC5}.Ad-Hoc|x64.ActiveCfg = Debug|Any CPU
		{3B235BE7-573C-481D-B308-16DB25503BC5}.Ad-Hoc|x64.Build.0 = Debug|Any CPU
		{3B235BE7-573C-481D-B308-16DB25503BC5}.Ad-Hoc|x86.ActiveCfg = Release|Any CPU
		{3B235BE7-573C-481D-B308-16DB25503BC5}.Ad-Hoc|x86.Build.0 = Release|Any CPU
		{3B235BE7-573C-481D-B308-16DB25503BC5}.AppStore|Any CPU.ActiveCfg = Release|Any CPU
		{3B235BE7-573C-481D-B308-16DB25503BC5}.AppStore|Any CPU.Build.0 = Release|Any CPU
		{3B235BE7-573C-481D-B308-16DB25503BC5}.AppStore|ARM.ActiveCfg = Release|Any CPU
		{3B235BE7-573C-481D-B308-16DB25503BC5}.AppStore|ARM.Build.0 = Release|Any CPU
		{3B235BE7-573C-481D-B308-16DB25503BC5}.AppStore|iPhone.ActiveCfg = Release|Any CPU
		{3B235BE7-573C-481D-B308-16DB25503BC5}.AppStore|iPhone.Build.0 = Release|Any CPU
		{3B235BE7-573C-481D-B308-16DB25503BC5}.AppStore|iPhoneSimulator.ActiveCfg = Release|Any CPU
		{3B235BE7-573C-481D-B308-16DB25503BC5}.AppStore|iPhoneSimulator.Build.0 = Release|Any CPU
		{3B235BE7-573C-481D-B308-16DB25503BC5}.AppStore|Mixed Platforms.ActiveCfg = Release|Any CPU
		{3B235BE7-573C-481D-B308-16DB25503BC5}.AppStore|Mixed Platforms.Build.0 = Release|Any CPU
		{3B235BE7-573C-481D-B308-16DB25503BC5}.AppStore|x64.ActiveCfg = Debug|Any CPU
		{3B235BE7-573C-481D-B308-16DB25503BC5}.AppStore|x64.Build.0 = Debug|Any CPU
		{3B235BE7-573C-481D-B308-16DB25503BC5}.AppStore|x86.ActiveCfg = Release|Any CPU
		{3B235BE7-573C-481D-B308-16DB25503BC5}.AppStore|x86.Build.0 = Release|Any CPU
		{3B235BE7-573C-481D-B308-16DB25503BC5}.Debug|Any CPU.ActiveCfg = Debug|Any CPU
		{3B235BE7-573C-481D-B308-16DB25503BC5}.Debug|Any CPU.Build.0 = Debug|Any CPU
		{3B235BE7-573C-481D-B308-16DB25503BC5}.Debug|ARM.ActiveCfg = Debug|Any CPU
		{3B235BE7-573C-481D-B308-16DB25503BC5}.Debug|ARM.Build.0 = Debug|Any CPU
		{3B235BE7-573C-481D-B308-16DB25503BC5}.Debug|iPhone.ActiveCfg = Debug|Any CPU
		{3B235BE7-573C-481D-B308-16DB25503BC5}.Debug|iPhone.Build.0 = Debug|Any CPU
		{3B235BE7-573C-481D-B308-16DB25503BC5}.Debug|iPhoneSimulator.ActiveCfg = Debug|Any CPU
		{3B235BE7-573C-481D-B308-16DB25503BC5}.Debug|iPhoneSimulator.Build.0 = Debug|Any CPU
		{3B235BE7-573C-481D-B308-16DB25503BC5}.Debug|Mixed Platforms.ActiveCfg = Debug|Any CPU
		{3B235BE7-573C-481D-B308-16DB25503BC5}.Debug|Mixed Platforms.Build.0 = Debug|Any CPU
		{3B235BE7-573C-481D-B308-16DB25503BC5}.Debug|x64.ActiveCfg = Debug|Any CPU
		{3B235BE7-573C-481D-B308-16DB25503BC5}.Debug|x64.Build.0 = Debug|Any CPU
		{3B235BE7-573C-481D-B308-16DB25503BC5}.Debug|x86.ActiveCfg = Debug|Any CPU
		{3B235BE7-573C-481D-B308-16DB25503BC5}.Debug|x86.Build.0 = Debug|Any CPU
		{3B235BE7-573C-481D-B308-16DB25503BC5}.Release|Any CPU.ActiveCfg = Release|Any CPU
		{3B235BE7-573C-481D-B308-16DB25503BC5}.Release|Any CPU.Build.0 = Release|Any CPU
		{3B235BE7-573C-481D-B308-16DB25503BC5}.Release|ARM.ActiveCfg = Release|Any CPU
		{3B235BE7-573C-481D-B308-16DB25503BC5}.Release|ARM.Build.0 = Release|Any CPU
		{3B235BE7-573C-481D-B308-16DB25503BC5}.Release|iPhone.ActiveCfg = Release|Any CPU
		{3B235BE7-573C-481D-B308-16DB25503BC5}.Release|iPhone.Build.0 = Release|Any CPU
		{3B235BE7-573C-481D-B308-16DB25503BC5}.Release|iPhoneSimulator.ActiveCfg = Release|Any CPU
		{3B235BE7-573C-481D-B308-16DB25503BC5}.Release|iPhoneSimulator.Build.0 = Release|Any CPU
		{3B235BE7-573C-481D-B308-16DB25503BC5}.Release|Mixed Platforms.ActiveCfg = Release|Any CPU
		{3B235BE7-573C-481D-B308-16DB25503BC5}.Release|Mixed Platforms.Build.0 = Release|Any CPU
		{3B235BE7-573C-481D-B308-16DB25503BC5}.Release|x64.ActiveCfg = Release|Any CPU
		{3B235BE7-573C-481D-B308-16DB25503BC5}.Release|x64.Build.0 = Release|Any CPU
		{3B235BE7-573C-481D-B308-16DB25503BC5}.Release|x86.ActiveCfg = Release|Any CPU
		{3B235BE7-573C-481D-B308-16DB25503BC5}.Release|x86.Build.0 = Release|Any CPU
		{D1BA2A21-AD15-4180-9036-0D86B4581D6F}.Ad-Hoc|Any CPU.ActiveCfg = Release|Any CPU
		{D1BA2A21-AD15-4180-9036-0D86B4581D6F}.Ad-Hoc|Any CPU.Build.0 = Release|Any CPU
		{D1BA2A21-AD15-4180-9036-0D86B4581D6F}.Ad-Hoc|ARM.ActiveCfg = Release|Any CPU
		{D1BA2A21-AD15-4180-9036-0D86B4581D6F}.Ad-Hoc|ARM.Build.0 = Release|Any CPU
		{D1BA2A21-AD15-4180-9036-0D86B4581D6F}.Ad-Hoc|iPhone.ActiveCfg = Release|Any CPU
		{D1BA2A21-AD15-4180-9036-0D86B4581D6F}.Ad-Hoc|iPhone.Build.0 = Release|Any CPU
		{D1BA2A21-AD15-4180-9036-0D86B4581D6F}.Ad-Hoc|iPhoneSimulator.ActiveCfg = Release|Any CPU
		{D1BA2A21-AD15-4180-9036-0D86B4581D6F}.Ad-Hoc|iPhoneSimulator.Build.0 = Release|Any CPU
		{D1BA2A21-AD15-4180-9036-0D86B4581D6F}.Ad-Hoc|Mixed Platforms.ActiveCfg = Release|Any CPU
		{D1BA2A21-AD15-4180-9036-0D86B4581D6F}.Ad-Hoc|Mixed Platforms.Build.0 = Release|Any CPU
		{D1BA2A21-AD15-4180-9036-0D86B4581D6F}.Ad-Hoc|x64.ActiveCfg = Debug|Any CPU
		{D1BA2A21-AD15-4180-9036-0D86B4581D6F}.Ad-Hoc|x64.Build.0 = Debug|Any CPU
		{D1BA2A21-AD15-4180-9036-0D86B4581D6F}.Ad-Hoc|x86.ActiveCfg = Release|Any CPU
		{D1BA2A21-AD15-4180-9036-0D86B4581D6F}.Ad-Hoc|x86.Build.0 = Release|Any CPU
		{D1BA2A21-AD15-4180-9036-0D86B4581D6F}.AppStore|Any CPU.ActiveCfg = Release|Any CPU
		{D1BA2A21-AD15-4180-9036-0D86B4581D6F}.AppStore|Any CPU.Build.0 = Release|Any CPU
		{D1BA2A21-AD15-4180-9036-0D86B4581D6F}.AppStore|ARM.ActiveCfg = Release|Any CPU
		{D1BA2A21-AD15-4180-9036-0D86B4581D6F}.AppStore|ARM.Build.0 = Release|Any CPU
		{D1BA2A21-AD15-4180-9036-0D86B4581D6F}.AppStore|iPhone.ActiveCfg = Release|Any CPU
		{D1BA2A21-AD15-4180-9036-0D86B4581D6F}.AppStore|iPhone.Build.0 = Release|Any CPU
		{D1BA2A21-AD15-4180-9036-0D86B4581D6F}.AppStore|iPhoneSimulator.ActiveCfg = Release|Any CPU
		{D1BA2A21-AD15-4180-9036-0D86B4581D6F}.AppStore|iPhoneSimulator.Build.0 = Release|Any CPU
		{D1BA2A21-AD15-4180-9036-0D86B4581D6F}.AppStore|Mixed Platforms.ActiveCfg = Release|Any CPU
		{D1BA2A21-AD15-4180-9036-0D86B4581D6F}.AppStore|Mixed Platforms.Build.0 = Release|Any CPU
		{D1BA2A21-AD15-4180-9036-0D86B4581D6F}.AppStore|x64.ActiveCfg = Debug|Any CPU
		{D1BA2A21-AD15-4180-9036-0D86B4581D6F}.AppStore|x64.Build.0 = Debug|Any CPU
		{D1BA2A21-AD15-4180-9036-0D86B4581D6F}.AppStore|x86.ActiveCfg = Release|Any CPU
		{D1BA2A21-AD15-4180-9036-0D86B4581D6F}.AppStore|x86.Build.0 = Release|Any CPU
		{D1BA2A21-AD15-4180-9036-0D86B4581D6F}.Debug|Any CPU.ActiveCfg = Debug|Any CPU
		{D1BA2A21-AD15-4180-9036-0D86B4581D6F}.Debug|Any CPU.Build.0 = Debug|Any CPU
		{D1BA2A21-AD15-4180-9036-0D86B4581D6F}.Debug|ARM.ActiveCfg = Debug|Any CPU
		{D1BA2A21-AD15-4180-9036-0D86B4581D6F}.Debug|ARM.Build.0 = Debug|Any CPU
		{D1BA2A21-AD15-4180-9036-0D86B4581D6F}.Debug|iPhone.ActiveCfg = Debug|Any CPU
		{D1BA2A21-AD15-4180-9036-0D86B4581D6F}.Debug|iPhone.Build.0 = Debug|Any CPU
		{D1BA2A21-AD15-4180-9036-0D86B4581D6F}.Debug|iPhoneSimulator.ActiveCfg = Debug|Any CPU
		{D1BA2A21-AD15-4180-9036-0D86B4581D6F}.Debug|iPhoneSimulator.Build.0 = Debug|Any CPU
		{D1BA2A21-AD15-4180-9036-0D86B4581D6F}.Debug|Mixed Platforms.ActiveCfg = Debug|Any CPU
		{D1BA2A21-AD15-4180-9036-0D86B4581D6F}.Debug|Mixed Platforms.Build.0 = Debug|Any CPU
		{D1BA2A21-AD15-4180-9036-0D86B4581D6F}.Debug|x64.ActiveCfg = Debug|Any CPU
		{D1BA2A21-AD15-4180-9036-0D86B4581D6F}.Debug|x64.Build.0 = Debug|Any CPU
		{D1BA2A21-AD15-4180-9036-0D86B4581D6F}.Debug|x86.ActiveCfg = Debug|Any CPU
		{D1BA2A21-AD15-4180-9036-0D86B4581D6F}.Debug|x86.Build.0 = Debug|Any CPU
		{D1BA2A21-AD15-4180-9036-0D86B4581D6F}.Release|Any CPU.ActiveCfg = Release|Any CPU
		{D1BA2A21-AD15-4180-9036-0D86B4581D6F}.Release|Any CPU.Build.0 = Release|Any CPU
		{D1BA2A21-AD15-4180-9036-0D86B4581D6F}.Release|ARM.ActiveCfg = Release|Any CPU
		{D1BA2A21-AD15-4180-9036-0D86B4581D6F}.Release|ARM.Build.0 = Release|Any CPU
		{D1BA2A21-AD15-4180-9036-0D86B4581D6F}.Release|iPhone.ActiveCfg = Release|Any CPU
		{D1BA2A21-AD15-4180-9036-0D86B4581D6F}.Release|iPhone.Build.0 = Release|Any CPU
		{D1BA2A21-AD15-4180-9036-0D86B4581D6F}.Release|iPhoneSimulator.ActiveCfg = Release|Any CPU
		{D1BA2A21-AD15-4180-9036-0D86B4581D6F}.Release|iPhoneSimulator.Build.0 = Release|Any CPU
		{D1BA2A21-AD15-4180-9036-0D86B4581D6F}.Release|Mixed Platforms.ActiveCfg = Release|Any CPU
		{D1BA2A21-AD15-4180-9036-0D86B4581D6F}.Release|Mixed Platforms.Build.0 = Release|Any CPU
		{D1BA2A21-AD15-4180-9036-0D86B4581D6F}.Release|x64.ActiveCfg = Release|Any CPU
		{D1BA2A21-AD15-4180-9036-0D86B4581D6F}.Release|x64.Build.0 = Release|Any CPU
		{D1BA2A21-AD15-4180-9036-0D86B4581D6F}.Release|x86.ActiveCfg = Release|Any CPU
		{D1BA2A21-AD15-4180-9036-0D86B4581D6F}.Release|x86.Build.0 = Release|Any CPU
		{B8D9A06E-5E14-47E3-B19B-054536DE7658}.Ad-Hoc|Any CPU.ActiveCfg = Release|x64
		{B8D9A06E-5E14-47E3-B19B-054536DE7658}.Ad-Hoc|Any CPU.Build.0 = Release|x64
		{B8D9A06E-5E14-47E3-B19B-054536DE7658}.Ad-Hoc|Any CPU.Deploy.0 = Release|x64
		{B8D9A06E-5E14-47E3-B19B-054536DE7658}.Ad-Hoc|ARM.ActiveCfg = Release|ARM
		{B8D9A06E-5E14-47E3-B19B-054536DE7658}.Ad-Hoc|ARM.Build.0 = Release|ARM
		{B8D9A06E-5E14-47E3-B19B-054536DE7658}.Ad-Hoc|ARM.Deploy.0 = Release|ARM
		{B8D9A06E-5E14-47E3-B19B-054536DE7658}.Ad-Hoc|iPhone.ActiveCfg = Release|x64
		{B8D9A06E-5E14-47E3-B19B-054536DE7658}.Ad-Hoc|iPhone.Build.0 = Release|x64
		{B8D9A06E-5E14-47E3-B19B-054536DE7658}.Ad-Hoc|iPhone.Deploy.0 = Release|x64
		{B8D9A06E-5E14-47E3-B19B-054536DE7658}.Ad-Hoc|iPhoneSimulator.ActiveCfg = Release|x64
		{B8D9A06E-5E14-47E3-B19B-054536DE7658}.Ad-Hoc|iPhoneSimulator.Build.0 = Release|x64
		{B8D9A06E-5E14-47E3-B19B-054536DE7658}.Ad-Hoc|iPhoneSimulator.Deploy.0 = Release|x64
		{B8D9A06E-5E14-47E3-B19B-054536DE7658}.Ad-Hoc|Mixed Platforms.ActiveCfg = Release|x86
		{B8D9A06E-5E14-47E3-B19B-054536DE7658}.Ad-Hoc|Mixed Platforms.Build.0 = Release|x86
		{B8D9A06E-5E14-47E3-B19B-054536DE7658}.Ad-Hoc|Mixed Platforms.Deploy.0 = Release|x86
		{B8D9A06E-5E14-47E3-B19B-054536DE7658}.Ad-Hoc|x64.ActiveCfg = Release|x64
		{B8D9A06E-5E14-47E3-B19B-054536DE7658}.Ad-Hoc|x64.Build.0 = Release|x64
		{B8D9A06E-5E14-47E3-B19B-054536DE7658}.Ad-Hoc|x64.Deploy.0 = Release|x64
		{B8D9A06E-5E14-47E3-B19B-054536DE7658}.Ad-Hoc|x86.ActiveCfg = Release|x86
		{B8D9A06E-5E14-47E3-B19B-054536DE7658}.Ad-Hoc|x86.Build.0 = Release|x86
		{B8D9A06E-5E14-47E3-B19B-054536DE7658}.Ad-Hoc|x86.Deploy.0 = Release|x86
		{B8D9A06E-5E14-47E3-B19B-054536DE7658}.AppStore|Any CPU.ActiveCfg = Release|x64
		{B8D9A06E-5E14-47E3-B19B-054536DE7658}.AppStore|Any CPU.Build.0 = Release|x64
		{B8D9A06E-5E14-47E3-B19B-054536DE7658}.AppStore|Any CPU.Deploy.0 = Release|x64
		{B8D9A06E-5E14-47E3-B19B-054536DE7658}.AppStore|ARM.ActiveCfg = Release|ARM
		{B8D9A06E-5E14-47E3-B19B-054536DE7658}.AppStore|ARM.Build.0 = Release|ARM
		{B8D9A06E-5E14-47E3-B19B-054536DE7658}.AppStore|ARM.Deploy.0 = Release|ARM
		{B8D9A06E-5E14-47E3-B19B-054536DE7658}.AppStore|iPhone.ActiveCfg = Release|x64
		{B8D9A06E-5E14-47E3-B19B-054536DE7658}.AppStore|iPhone.Build.0 = Release|x64
		{B8D9A06E-5E14-47E3-B19B-054536DE7658}.AppStore|iPhone.Deploy.0 = Release|x64
		{B8D9A06E-5E14-47E3-B19B-054536DE7658}.AppStore|iPhoneSimulator.ActiveCfg = Release|x64
		{B8D9A06E-5E14-47E3-B19B-054536DE7658}.AppStore|iPhoneSimulator.Build.0 = Release|x64
		{B8D9A06E-5E14-47E3-B19B-054536DE7658}.AppStore|iPhoneSimulator.Deploy.0 = Release|x64
		{B8D9A06E-5E14-47E3-B19B-054536DE7658}.AppStore|Mixed Platforms.ActiveCfg = Release|x86
		{B8D9A06E-5E14-47E3-B19B-054536DE7658}.AppStore|Mixed Platforms.Build.0 = Release|x86
		{B8D9A06E-5E14-47E3-B19B-054536DE7658}.AppStore|Mixed Platforms.Deploy.0 = Release|x86
		{B8D9A06E-5E14-47E3-B19B-054536DE7658}.AppStore|x64.ActiveCfg = Release|x64
		{B8D9A06E-5E14-47E3-B19B-054536DE7658}.AppStore|x64.Build.0 = Release|x64
		{B8D9A06E-5E14-47E3-B19B-054536DE7658}.AppStore|x64.Deploy.0 = Release|x64
		{B8D9A06E-5E14-47E3-B19B-054536DE7658}.AppStore|x86.ActiveCfg = Release|x86
		{B8D9A06E-5E14-47E3-B19B-054536DE7658}.AppStore|x86.Build.0 = Release|x86
		{B8D9A06E-5E14-47E3-B19B-054536DE7658}.AppStore|x86.Deploy.0 = Release|x86
		{B8D9A06E-5E14-47E3-B19B-054536DE7658}.Debug|Any CPU.ActiveCfg = Debug|x86
		{B8D9A06E-5E14-47E3-B19B-054536DE7658}.Debug|Any CPU.Build.0 = Debug|x86
		{B8D9A06E-5E14-47E3-B19B-054536DE7658}.Debug|Any CPU.Deploy.0 = Debug|x86
		{B8D9A06E-5E14-47E3-B19B-054536DE7658}.Debug|ARM.ActiveCfg = Debug|ARM
		{B8D9A06E-5E14-47E3-B19B-054536DE7658}.Debug|ARM.Build.0 = Debug|ARM
		{B8D9A06E-5E14-47E3-B19B-054536DE7658}.Debug|ARM.Deploy.0 = Debug|ARM
		{B8D9A06E-5E14-47E3-B19B-054536DE7658}.Debug|iPhone.ActiveCfg = Debug|x86
		{B8D9A06E-5E14-47E3-B19B-054536DE7658}.Debug|iPhoneSimulator.ActiveCfg = Debug|x86
		{B8D9A06E-5E14-47E3-B19B-054536DE7658}.Debug|Mixed Platforms.ActiveCfg = Debug|x86
		{B8D9A06E-5E14-47E3-B19B-054536DE7658}.Debug|Mixed Platforms.Build.0 = Debug|x86
		{B8D9A06E-5E14-47E3-B19B-054536DE7658}.Debug|Mixed Platforms.Deploy.0 = Debug|x86
		{B8D9A06E-5E14-47E3-B19B-054536DE7658}.Debug|x64.ActiveCfg = Debug|x64
		{B8D9A06E-5E14-47E3-B19B-054536DE7658}.Debug|x64.Build.0 = Debug|x64
		{B8D9A06E-5E14-47E3-B19B-054536DE7658}.Debug|x64.Deploy.0 = Debug|x64
		{B8D9A06E-5E14-47E3-B19B-054536DE7658}.Debug|x86.ActiveCfg = Debug|x86
		{B8D9A06E-5E14-47E3-B19B-054536DE7658}.Debug|x86.Build.0 = Debug|x86
		{B8D9A06E-5E14-47E3-B19B-054536DE7658}.Debug|x86.Deploy.0 = Debug|x86
		{B8D9A06E-5E14-47E3-B19B-054536DE7658}.Release|Any CPU.ActiveCfg = Release|x86
		{B8D9A06E-5E14-47E3-B19B-054536DE7658}.Release|ARM.ActiveCfg = Release|ARM
		{B8D9A06E-5E14-47E3-B19B-054536DE7658}.Release|ARM.Build.0 = Release|ARM
		{B8D9A06E-5E14-47E3-B19B-054536DE7658}.Release|ARM.Deploy.0 = Release|ARM
		{B8D9A06E-5E14-47E3-B19B-054536DE7658}.Release|iPhone.ActiveCfg = Release|x86
		{B8D9A06E-5E14-47E3-B19B-054536DE7658}.Release|iPhoneSimulator.ActiveCfg = Release|x86
		{B8D9A06E-5E14-47E3-B19B-054536DE7658}.Release|Mixed Platforms.ActiveCfg = Release|x86
		{B8D9A06E-5E14-47E3-B19B-054536DE7658}.Release|Mixed Platforms.Build.0 = Release|x86
		{B8D9A06E-5E14-47E3-B19B-054536DE7658}.Release|Mixed Platforms.Deploy.0 = Release|x86
		{B8D9A06E-5E14-47E3-B19B-054536DE7658}.Release|x64.ActiveCfg = Release|x64
		{B8D9A06E-5E14-47E3-B19B-054536DE7658}.Release|x64.Build.0 = Release|x64
		{B8D9A06E-5E14-47E3-B19B-054536DE7658}.Release|x64.Deploy.0 = Release|x64
		{B8D9A06E-5E14-47E3-B19B-054536DE7658}.Release|x86.ActiveCfg = Release|x86
		{B8D9A06E-5E14-47E3-B19B-054536DE7658}.Release|x86.Build.0 = Release|x86
		{B8D9A06E-5E14-47E3-B19B-054536DE7658}.Release|x86.Deploy.0 = Release|x86
	EndGlobalSection
	GlobalSection(SolutionProperties) = preSolution
		HideSolutionNode = FALSE
	EndGlobalSection
	GlobalSection(NestedProjects) = preSolution
		{053A61CE-FD5B-4876-82F9-618ACAC0A640} = {367C5846-2B7D-4F14-95B8-B3A83393291F}
		{2578F6E5-24CE-4C28-B9AA-A05E97026F96} = {367C5846-2B7D-4F14-95B8-B3A83393291F}
		{F4A7DCB5-268E-4190-BB69-50E589644B2C} = {367C5846-2B7D-4F14-95B8-B3A83393291F}
		{59DB6F11-6707-47E7-B0B1-44515A73EB38} = {D69F7610-AB2A-4032-9C3D-632B2CD79CDE}
		{165AA848-5CC8-49BA-A485-19D7C922745B} = {D69F7610-AB2A-4032-9C3D-632B2CD79CDE}
		{17B432FF-1CAA-49B3-A02C-195F5228199D} = {D69F7610-AB2A-4032-9C3D-632B2CD79CDE}
		{3CBD7370-486A-4E7A-B2C3-18FC2A685C95} = {641B1045-5DEA-40D8-9736-017D5B0F451A}
		{3B235BE7-573C-481D-B308-16DB25503BC5} = {367C5846-2B7D-4F14-95B8-B3A83393291F}
		{D1BA2A21-AD15-4180-9036-0D86B4581D6F} = {57D1E4F2-34AB-4F7E-9A6A-A4ADA7CCB9F4}
		{B8D9A06E-5E14-47E3-B19B-054536DE7658} = {D69F7610-AB2A-4032-9C3D-632B2CD79CDE}
	EndGlobalSection
EndGlobal
